
Microsoft Visual Studio Solution File, Format Version 12.00
# Visual Studio Version 16
VisualStudioVersion = 16.0.37301.9
MinimumVisualStudioVersion = 10.0.40219.1
Project("{8BC9CEB8-8B4A-11D0-8D11-00A0C91BC942}") = "算法代码执行时间", "算法基础\算法基础.vcxproj", "{B16966C4-A52B-4AB8-861C-D0B4D3F6E585}"
EndProject
Project("{8BC9CEB8-8B4A-11D0-8D11-00A0C91BC942}") = "1.单链表", "1.单链表\1.单链表.vcxproj", "{DA1569F8-D671-4EF8-B8DD-95C8A15A617E}"
EndProject
Project("{8BC9CEB8-8B4A-11D0-8D11-00A0C91BC942}") = "2.双向链表", "双向链表\双向链表.vcxproj", "{C68F8F54-3304-46DF-865F-F7F019BB18C6}"
EndProject
Project("{8BC9CEB8-8B4A-11D0-8D11-00A0C91BC942}") = "3.循环双链表", "循环双链表\循环双链表.vcxproj", "{90B4C668-3248-4E94-9965-21B19E91F10F}"
EndProject
Project("{8BC9CEB8-8B4A-11D0-8D11-00A0C91BC942}") = "4.快慢指针", "4.快慢指针\4.快慢指针.vcxproj", "{95A08A40-FDFD-4AA2-9489-6900CEFD4945}"
EndProject
Project("{8BC9CEB8-8B4A-11D0-8D11-00A0C91BC942}") = "5.反转链表", "反转链表\反转链表.vcxproj", "{A78A5443-4AEB-4B01-B1F2-C4F48419F6BE}"
EndProject
Project("{8BC9CEB8-8B4A-11D0-8D11-00A0C91BC942}") = "6.顺序栈", "6.顺序栈\6.顺序栈.vcxproj", "{72EDA74C-5F97-4F39-BE61-4CB7A08CEF04}"
EndProject
Project("{8BC9CEB8-8B4A-11D0-8D11-00A0C91BC942}") = "7.链表栈", "7.链表栈\7.链表栈.vcxproj", "{E01E9C43-624B-4F12-8A93-CD7DA336E622}"
EndProject
Project("{8BC9CEB8-8B4A-11D0-8D11-00A0C91BC942}") = "8.逆波兰式", "8.逆波兰式\8.逆波兰式.vcxproj", "{7564ACED-4D28-4424-B1D1-4857242CA3AE}"
EndProject
Project("{8BC9CEB8-8B4A-11D0-8D11-00A0C91BC942}") = "9.顺序队列", "9.顺序队列\9.顺序队列.vcxproj", "{A6766263-E8EA-4027-A8A3-A94906FA6E68}"
EndProject
Project("{8BC9CEB8-8B4A-11D0-8D11-00A0C91BC942}") = "10.链式队列", "10.链式队列\10.链式队列.vcxproj", "{FDA9A596-4E3E-48E9-A946-DD466D830086}"
EndProject
Project("{8BC9CEB8-8B4A-11D0-8D11-00A0C91BC942}") = "11.环形队列", "11.环形队列\11.环形队列.vcxproj", "{6E52D82E-2C0A-4D75-B808-AE138EDE6FC2}"
EndProject
Project("{8BC9CEB8-8B4A-11D0-8D11-00A0C91BC942}") = "12.无锁队列", "12.无锁队列\12.无锁队列.vcxproj", "{70ACD119-A57F-4D0E-8D8C-DEBAD3E4E11B}"
EndProject
Project("{8BC9CEB8-8B4A-11D0-8D11-00A0C91BC942}") = "指令重排", "指令重排\指令重排.vcxproj", "{2EE9A71B-10B7-4A00-A850-2F176BF04CCF}"
EndProject
Project("{8BC9CEB8-8B4A-11D0-8D11-00A0C91BC942}") = "13.二叉树", "13.二叉树\13.二叉树.vcxproj", "{91148C34-749B-4BB9-8661-3BB74E33FA13}"
EndProject
Project("{8BC9CEB8-8B4A-11D0-8D11-00A0C91BC942}") = "14.完全二叉树", "14.完全二叉树\14.完全二叉树.vcxproj", "{10501583-267D-4D7A-B8F9-7A43D50438DB}"
EndProject
Project("{8BC9CEB8-8B4A-11D0-8D11-00A0C91BC942}") = "15.AVL树", "AVL树\AVL树.vcxproj", "{6CF1ED72-464E-42C8-9722-B913ECB2470C}"
EndProject
Project("{8BC9CEB8-8B4A-11D0-8D11-00A0C91BC942}") = "16.堆", "16.堆\16.堆.vcxproj", "{44C6DDC1-FF29-4B50-96EA-3DE1655823CB}"
EndProject
Project("{8BC9CEB8-8B4A-11D0-8D11-00A0C91BC942}") = "17.插入算法", "17.插入算法\17.插入算法.vcxproj", "{745D838D-8A7D-4889-9393-B40BA51A60D1}"
EndProject
Project("{8BC9CEB8-8B4A-11D0-8D11-00A0C91BC942}") = "18.希尔排序", "18.希尔排序\18.希尔排序.vcxproj", "{5D778ED9-ADA9-42BD-BA74-5B6D2CEAE510}"
EndProject
Project("{8BC9CEB8-8B4A-11D0-8D11-00A0C91BC942}") = "19.归并排序", "19.归并排序\19.归并排序.vcxproj", "{AFB435B1-2012-4188-A267-9321AD2DE8D8}"
EndProject
Global
	GlobalSection(SolutionConfigurationPlatforms) = preSolution
		Debug|x64 = Debug|x64
		Debug|x86 = Debug|x86
		Release|x64 = Release|x64
		Release|x86 = Release|x86
	EndGlobalSection
	GlobalSection(ProjectConfigurationPlatforms) = postSolution
		{B16966C4-A52B-4AB8-861C-D0B4D3F6E585}.Debug|x64.ActiveCfg = Debug|x64
		{B16966C4-A52B-4AB8-861C-D0B4D3F6E585}.Debug|x64.Build.0 = Debug|x64
		{B16966C4-A52B-4AB8-861C-D0B4D3F6E585}.Debug|x86.ActiveCfg = Debug|Win32
		{B16966C4-A52B-4AB8-861C-D0B4D3F6E585}.Debug|x86.Build.0 = Debug|Win32
		{B16966C4-A52B-4AB8-861C-D0B4D3F6E585}.Release|x64.ActiveCfg = Release|x64
		{B16966C4-A52B-4AB8-861C-D0B4D3F6E585}.Release|x64.Build.0 = Release|x64
		{B16966C4-A52B-4AB8-861C-D0B4D3F6E585}.Release|x86.ActiveCfg = Release|Win32
		{B16966C4-A52B-4AB8-861C-D0B4D3F6E585}.Release|x86.Build.0 = Release|Win32
		{DA1569F8-D671-4EF8-B8DD-95C8A15A617E}.Debug|x64.ActiveCfg = Debug|x64
		{DA1569F8-D671-4EF8-B8DD-95C8A15A617E}.Debug|x64.Build.0 = Debug|x64
		{DA1569F8-D671-4EF8-B8DD-95C8A15A617E}.Debug|x86.ActiveCfg = Debug|Win32
		{DA1569F8-D671-4EF8-B8DD-95C8A15A617E}.Debug|x86.Build.0 = Debug|Win32
		{DA1569F8-D671-4EF8-B8DD-95C8A15A617E}.Release|x64.ActiveCfg = Release|x64
		{DA1569F8-D671-4EF8-B8DD-95C8A15A617E}.Release|x64.Build.0 = Release|x64
		{DA1569F8-D671-4EF8-B8DD-95C8A15A617E}.Release|x86.ActiveCfg = Release|Win32
		{DA1569F8-D671-4EF8-B8DD-95C8A15A617E}.Release|x86.Build.0 = Release|Win32
		{C68F8F54-3304-46DF-865F-F7F019BB18C6}.Debug|x64.ActiveCfg = Debug|x64
		{C68F8F54-3304-46DF-865F-F7F019BB18C6}.Debug|x64.Build.0 = Debug|x64
		{C68F8F54-3304-46DF-865F-F7F019BB18C6}.Debug|x86.ActiveCfg = Debug|Win32
		{C68F8F54-3304-46DF-865F-F7F019BB18C6}.Debug|x86.Build.0 = Debug|Win32
		{C68F8F54-3304-46DF-865F-F7F019BB18C6}.Release|x64.ActiveCfg = Release|x64
		{C68F8F54-3304-46DF-865F-F7F019BB18C6}.Release|x64.Build.0 = Release|x64
		{C68F8F54-3304-46DF-865F-F7F019BB18C6}.Release|x86.ActiveCfg = Release|Win32
		{C68F8F54-3304-46DF-865F-F7F019BB18C6}.Release|x86.Build.0 = Release|Win32
		{90B4C668-3248-4E94-9965-21B19E91F10F}.Debug|x64.ActiveCfg = Debug|x64
		{90B4C668-3248-4E94-9965-21B19E91F10F}.Debug|x64.Build.0 = Debug|x64
		{90B4C668-3248-4E94-9965-21B19E91F10F}.Debug|x86.ActiveCfg = Debug|Win32
		{90B4C668-3248-4E94-9965-21B19E91F10F}.Debug|x86.Build.0 = Debug|Win32
		{90B4C668-3248-4E94-9965-21B19E91F10F}.Release|x64.ActiveCfg = Release|x64
		{90B4C668-3248-4E94-9965-21B19E91F10F}.Release|x64.Build.0 = Release|x64
		{90B4C668-3248-4E94-9965-21B19E91F10F}.Release|x86.ActiveCfg = Release|Win32
		{90B4C668-3248-4E94-9965-21B19E91F10F}.Release|x86.Build.0 = Release|Win32
		{95A08A40-FDFD-4AA2-9489-6900CEFD4945}.Debug|x64.ActiveCfg = Debug|x64
		{95A08A40-FDFD-4AA2-9489-6900CEFD4945}.Debug|x64.Build.0 = Debug|x64
		{95A08A40-FDFD-4AA2-9489-6900CEFD4945}.Debug|x86.ActiveCfg = Debug|Win32
		{95A08A40-FDFD-4AA2-9489-6900CEFD4945}.Debug|x86.Build.0 = Debug|Win32
		{95A08A40-FDFD-4AA2-9489-6900CEFD4945}.Release|x64.ActiveCfg = Release|x64
		{95A08A40-FDFD-4AA2-9489-6900CEFD4945}.Release|x64.Build.0 = Release|x64
		{95A08A40-FDFD-4AA2-9489-6900CEFD4945}.Release|x86.ActiveCfg = Release|Win32
		{95A08A40-FDFD-4AA2-9489-6900CEFD4945}.Release|x86.Build.0 = Release|Win32
		{A78A5443-4AEB-4B01-B1F2-C4F48419F6BE}.Debug|x64.ActiveCfg = Debug|x64
		{A78A5443-4AEB-4B01-B1F2-C4F48419F6BE}.Debug|x64.Build.0 = Debug|x64
		{A78A5443-4AEB-4B01-B1F2-C4F48419F6BE}.Debug|x86.ActiveCfg = Debug|Win32
		{A78A5443-4AEB-4B01-B1F2-C4F48419F6BE}.Debug|x86.Build.0 = Debug|Win32
		{A78A5443-4AEB-4B01-B1F2-C4F48419F6BE}.Release|x64.ActiveCfg = Release|x64
		{A78A5443-4AEB-4B01-B1F2-C4F48419F6BE}.Release|x64.Build.0 = Release|x64
		{A78A5443-4AEB-4B01-B1F2-C4F48419F6BE}.Release|x86.ActiveCfg = Release|Win32
		{A78A5443-4AEB-4B01-B1F2-C4F48419F6BE}.Release|x86.Build.0 = Release|Win32
		{72EDA74C-5F97-4F39-BE61-4CB7A08CEF04}.Debug|x64.ActiveCfg = Debug|x64
		{72EDA74C-5F97-4F39-BE61-4CB7A08CEF04}.Debug|x64.Build.0 = Debug|x64
		{72EDA74C-5F97-4F39-BE61-4CB7A08CEF04}.Debug|x86.ActiveCfg = Debug|Win32
		{72EDA74C-5F97-4F39-BE61-4CB7A08CEF04}.Debug|x86.Build.0 = Debug|Win32
		{72EDA74C-5F97-4F39-BE61-4CB7A08CEF04}.Release|x64.ActiveCfg = Release|x64
		{72EDA74C-5F97-4F39-BE61-4CB7A08CEF04}.Release|x64.Build.0 = Release|x64
		{72EDA74C-5F97-4F39-BE61-4CB7A08CEF04}.Release|x86.ActiveCfg = Release|Win32
		{72EDA74C-5F97-4F39-BE61-4CB7A08CEF04}.Release|x86.Build.0 = Release|Win32
		{E01E9C43-624B-4F12-8A93-CD7DA336E622}.Debug|x64.ActiveCfg = Debug|x64
		{E01E9C43-624B-4F12-8A93-CD7DA336E622}.Debug|x64.Build.0 = Debug|x64
		{E01E9C43-624B-4F12-8A93-CD7DA336E622}.Debug|x86.ActiveCfg = Debug|Win32
		{E01E9C43-624B-4F12-8A93-CD7DA336E622}.Debug|x86.Build.0 = Debug|Win32
		{E01E9C43-624B-4F12-8A93-CD7DA336E622}.Release|x64.ActiveCfg = Release|x64
		{E01E9C43-624B-4F12-8A93-CD7DA336E622}.Release|x64.Build.0 = Release|x64
		{E01E9C43-624B-4F12-8A93-CD7DA336E622}.Release|x86.ActiveCfg = Release|Win32
		{E01E9C43-624B-4F12-8A93-CD7DA336E622}.Release|x86.Build.0 = Release|Win32
		{7564ACED-4D28-4424-B1D1-4857242CA3AE}.Debug|x64.ActiveCfg = Debug|x64
		{7564ACED-4D28-4424-B1D1-4857242CA3AE}.Debug|x64.Build.0 = Debug|x64
		{7564ACED-4D28-4424-B1D1-4857242CA3AE}.Debug|x86.ActiveCfg = Debug|Win32
		{7564ACED-4D28-4424-B1D1-4857242CA3AE}.Debug|x86.Build.0 = Debug|Win32
		{7564ACED-4D28-4424-B1D1-4857242CA3AE}.Release|x64.ActiveCfg = Release|x64
		{7564ACED-4D28-4424-B1D1-4857242CA3AE}.Release|x64.Build.0 = Release|x64
		{7564ACED-4D28-4424-B1D1-4857242CA3AE}.Release|x86.ActiveCfg = Release|Win32
		{7564ACED-4D28-4424-B1D1-4857242CA3AE}.Release|x86.Build.0 = Release|Win32
		{A6766263-E8EA-4027-A8A3-A94906FA6E68}.Debug|x64.ActiveCfg = Debug|x64
		{A6766263-E8EA-4027-A8A3-A94906FA6E68}.Debug|x64.Build.0 = Debug|x64
		{A6766263-E8EA-4027-A8A3-A94906FA6E68}.Debug|x86.ActiveCfg = Debug|Win32
		{A6766263-E8EA-4027-A8A3-A94906FA6E68}.Debug|x86.Build.0 = Debug|Win32
		{A6766263-E8EA-4027-A8A3-A94906FA6E68}.Release|x64.ActiveCfg = Release|x64
		{A6766263-E8EA-4027-A8A3-A94906FA6E68}.Release|x64.Build.0 = Release|x64
		{A6766263-E8EA-4027-A8A3-A94906FA6E68}.Release|x86.ActiveCfg = Release|Win32
		{A6766263-E8EA-4027-A8A3-A94906FA6E68}.Release|x86.Build.0 = Release|Win32
		{FDA9A596-4E3E-48E9-A946-DD466D830086}.Debug|x64.ActiveCfg = Debug|x64
		{FDA9A596-4E3E-48E9-A946-DD466D830086}.Debug|x64.Build.0 = Debug|x64
		{FDA9A596-4E3E-48E9-A946-DD466D830086}.Debug|x86.ActiveCfg = Debug|Win32
		{FDA9A596-4E3E-48E9-A946-DD466D830086}.Debug|x86.Build.0 = Debug|Win32
		{FDA9A596-4E3E-48E9-A946-DD466D830086}.Release|x64.ActiveCfg = Release|x64
		{FDA9A596-4E3E-48E9-A946-DD466D830086}.Release|x64.Build.0 = Release|x64
		{FDA9A596-4E3E-48E9-A946-DD466D830086}.Release|x86.ActiveCfg = Release|Win32
		{FDA9A596-4E3E-48E9-A946-DD466D830086}.Release|x86.Build.0 = Release|Win32
		{6E52D82E-2C0A-4D75-B808-AE138EDE6FC2}.Debug|x64.ActiveCfg = Debug|x64
		{6E52D82E-2C0A-4D75-B808-AE138EDE6FC2}.Debug|x64.Build.0 = Debug|x64
		{6E52D82E-2C0A-4D75-B808-AE138EDE6FC2}.Debug|x86.ActiveCfg = Debug|Win32
		{6E52D82E-2C0A-4D75-B808-AE138EDE6FC2}.Debug|x86.Build.0 = Debug|Win32
		{6E52D82E-2C0A-4D75-B808-AE138EDE6FC2}.Release|x64.ActiveCfg = Release|x64
		{6E52D82E-2C0A-4D75-B808-AE138EDE6FC2}.Release|x64.Build.0 = Release|x64
		{6E52D82E-2C0A-4D75-B808-AE138EDE6FC2}.Release|x86.ActiveCfg = Release|Win32
		{6E52D82E-2C0A-4D75-B808-AE138EDE6FC2}.Release|x86.Build.0 = Release|Win32
		{70ACD119-A57F-4D0E-8D8C-DEBAD3E4E11B}.Debug|x64.ActiveCfg = Debug|x64
		{70ACD119-A57F-4D0E-8D8C-DEBAD3E4E11B}.Debug|x64.Build.0 = Debug|x64
		{70ACD119-A57F-4D0E-8D8C-DEBAD3E4E11B}.Debug|x86.ActiveCfg = Debug|Win32
		{70ACD119-A57F-4D0E-8D8C-DEBAD3E4E11B}.Debug|x86.Build.0 = Debug|Win32
		{70ACD119-A57F-4D0E-8D8C-DEBAD3E4E11B}.Release|x64.ActiveCfg = Release|x64
		{70ACD119-A57F-4D0E-8D8C-DEBAD3E4E11B}.Release|x64.Build.0 = Release|x64
		{70ACD119-A57F-4D0E-8D8C-DEBAD3E4E11B}.Release|x86.ActiveCfg = Release|Win32
		{70ACD119-A57F-4D0E-8D8C-DEBAD3E4E11B}.Release|x86.Build.0 = Release|Win32
		{2EE9A71B-10B7-4A00-A850-2F176BF04CCF}.Debug|x64.ActiveCfg = Debug|x64
		{2EE9A71B-10B7-4A00-A850-2F176BF04CCF}.Debug|x64.Build.0 = Debug|x64
		{2EE9A71B-10B7-4A00-A850-2F176BF04CCF}.Debug|x86.ActiveCfg = Debug|Win32
		{2EE9A71B-10B7-4A00-A850-2F176BF04CCF}.Debug|x86.Build.0 = Debug|Win32
		{2EE9A71B-10B7-4A00-A850-2F176BF04CCF}.Release|x64.ActiveCfg = Release|x64
		{2EE9A71B-10B7-4A00-A850-2F176BF04CCF}.Release|x64.Build.0 = Release|x64
		{2EE9A71B-10B7-4A00-A850-2F176BF04CCF}.Release|x86.ActiveCfg = Release|Win32
		{2EE9A71B-10B7-4A00-A850-2F176BF04CCF}.Release|x86.Build.0 = Release|Win32
		{91148C34-749B-4BB9-8661-3BB74E33FA13}.Debug|x64.ActiveCfg = Debug|x64
		{91148C34-749B-4BB9-8661-3BB74E33FA13}.Debug|x64.Build.0 = Debug|x64
		{91148C34-749B-4BB9-8661-3BB74E33FA13}.Debug|x86.ActiveCfg = Debug|Win32
		{91148C34-749B-4BB9-8661-3BB74E33FA13}.Debug|x86.Build.0 = Debug|Win32
		{91148C34-749B-4BB9-8661-3BB74E33FA13}.Release|x64.ActiveCfg = Release|x64
		{91148C34-749B-4BB9-8661-3BB74E33FA13}.Release|x64.Build.0 = Release|x64
		{91148C34-749B-4BB9-8661-3BB74E33FA13}.Release|x86.ActiveCfg = Release|Win32
		{91148C34-749B-4BB9-8661-3BB74E33FA13}.Release|x86.Build.0 = Release|Win32
		{10501583-267D-4D7A-B8F9-7A43D50438DB}.Debug|x64.ActiveCfg = Debug|x64
		{10501583-267D-4D7A-B8F9-7A43D50438DB}.Debug|x64.Build.0 = Debug|x64
		{10501583-267D-4D7A-B8F9-7A43D50438DB}.Debug|x86.ActiveCfg = Debug|Win32
		{10501583-267D-4D7A-B8F9-7A43D50438DB}.Debug|x86.Build.0 = Debug|Win32
		{10501583-267D-4D7A-B8F9-7A43D50438DB}.Release|x64.ActiveCfg = Release|x64
		{10501583-267D-4D7A-B8F9-7A43D50438DB}.Release|x64.Build.0 = Release|x64
		{10501583-267D-4D7A-B8F9-7A43D50438DB}.Release|x86.ActiveCfg = Release|Win32
		{10501583-267D-4D7A-B8F9-7A43D50438DB}.Release|x86.Build.0 = Release|Win32
		{6CF1ED72-464E-42C8-9722-B913ECB2470C}.Debug|x64.ActiveCfg = Debug|x64
		{6CF1ED72-464E-42C8-9722-B913ECB2470C}.Debug|x64.Build.0 = Debug|x64
		{6CF1ED72-464E-42C8-9722-B913ECB2470C}.Debug|x86.ActiveCfg = Debug|Win32
		{6CF1ED72-464E-42C8-9722-B913ECB2470C}.Debug|x86.Build.0 = Debug|Win32
		{6CF1ED72-464E-42C8-9722-B913ECB2470C}.Release|x64.ActiveCfg = Release|x64
		{6CF1ED72-464E-42C8-9722-B913ECB2470C}.Release|x64.Build.0 = Release|x64
		{6CF1ED72-464E-42C8-9722-B913ECB2470C}.Release|x86.ActiveCfg = Release|Win32
		{6CF1ED72-464E-42C8-9722-B913ECB2470C}.Release|x86.Build.0 = Release|Win32
		{44C6DDC1-FF29-4B50-96EA-3DE1655823CB}.Debug|x64.ActiveCfg = Debug|x64
		{44C6DDC1-FF29-4B50-96EA-3DE1655823CB}.Debug|x64.Build.0 = Debug|x64
		{44C6DDC1-FF29-4B50-96EA-3DE1655823CB}.Debug|x86.ActiveCfg = Debug|Win32
		{44C6DDC1-FF29-4B50-96EA-3DE1655823CB}.Debug|x86.Build.0 = Debug|Win32
		{44C6DDC1-FF29-4B50-96EA-3DE1655823CB}.Release|x64.ActiveCfg = Release|x64
		{44C6DDC1-FF29-4B50-96EA-3DE1655823CB}.Release|x64.Build.0 = Release|x64
		{44C6DDC1-FF29-4B50-96EA-3DE1655823CB}.Release|x86.ActiveCfg = Release|Win32
		{44C6DDC1-FF29-4B50-96EA-3DE1655823CB}.Release|x86.Build.0 = Release|Win32
		{745D838D-8A7D-4889-9393-B40BA51A60D1}.Debug|x64.ActiveCfg = Debug|x64
		{745D838D-8A7D-4889-9393-B40BA51A60D1}.Debug|x64.Build.0 = Debug|x64
		{745D838D-8A7D-4889-9393-B40BA51A60D1}.Debug|x86.ActiveCfg = Debug|Win32
		{745D838D-8A7D-4889-9393-B40BA51A60D1}.Debug|x86.Build.0 = Debug|Win32
		{745D838D-8A7D-4889-9393-B40BA51A60D1}.Release|x64.ActiveCfg = Release|x64
		{745D838D-8A7D-4889-9393-B40BA51A60D1}.Release|x64.Build.0 = Release|x64
		{745D838D-8A7D-4889-9393-B40BA51A60D1}.Release|x86.ActiveCfg = Release|Win32
		{745D838D-8A7D-4889-9393-B40BA51A60D1}.Release|x86.Build.0 = Release|Win32
		{5D778ED9-ADA9-42BD-BA74-5B6D2CEAE510}.Debug|x64.ActiveCfg = Debug|x64
		{5D778ED9-ADA9-42BD-BA74-5B6D2CEAE510}.Debug|x64.Build.0 = Debug|x64
		{5D778ED9-ADA9-42BD-BA74-5B6D2CEAE510}.Debug|x86.ActiveCfg = Debug|Win32
		{5D778ED9-ADA9-42BD-BA74-5B6D2CEAE510}.Debug|x86.Build.0 = Debug|Win32
		{5D778ED9-ADA9-42BD-BA74-5B6D2CEAE510}.Release|x64.ActiveCfg = Release|x64
		{5D778ED9-ADA9-42BD-BA74-5B6D2CEAE510}.Release|x64.Build.0 = Release|x64
		{5D778ED9-ADA9-42BD-BA74-5B6D2CEAE510}.Release|x86.ActiveCfg = Release|Win32
		{5D778ED9-ADA9-42BD-BA74-5B6D2CEAE510}.Release|x86.Build.0 = Release|Win32
		{AFB435B1-2012-4188-A267-9321AD2DE8D8}.Debug|x64.ActiveCfg = Debug|x64
		{AFB435B1-2012-4188-A267-9321AD2DE8D8}.Debug|x64.Build.0 = Debug|x64
		{AFB435B1-2012-4188-A267-9321AD2DE8D8}.Debug|x86.ActiveCfg = Debug|Win32
		{AFB435B1-2012-4188-A267-9321AD2DE8D8}.Debug|x86.Build.0 = Debug|Win32
		{AFB435B1-2012-4188-A267-9321AD2DE8D8}.Release|x64.ActiveCfg = Release|x64
		{AFB435B1-2012-4188-A267-9321AD2DE8D8}.Release|x64.Build.0 = Release|x64
		{AFB435B1-2012-4188-A267-9321AD2DE8D8}.Release|x86.ActiveCfg = Release|Win32
		{AFB435B1-2012-4188-A267-9321AD2DE8D8}.Release|x86.Build.0 = Release|Win32
	EndGlobalSection
	GlobalSection(SolutionProperties) = preSolution
		HideSolutionNode = FALSE
	EndGlobalSection
	GlobalSection(ExtensibilityGlobals) = postSolution
		SolutionGuid = {31ABA397-F84D-4027-B80C-F35092F4DD86}
	EndGlobalSection
EndGlobal
